// !$*UTF8*$!
{
	archiveVersion = 1;
	classes = {
	};
	objectVersion = 50;
	objects = {

/* Begin PBXBuildFile section */
		242F0BD621DF3ADE00C2CC3B /* AppDelegate.swift in Sources */ = {isa = PBXBuildFile; fileRef = 242F0BD521DF3ADE00C2CC3B /* AppDelegate.swift */; };
		242F0BD821DF3ADE00C2CC3B /* ViewController.swift in Sources */ = {isa = PBXBuildFile; fileRef = 242F0BD721DF3ADE00C2CC3B /* ViewController.swift */; };
		242F0BDB21DF3ADE00C2CC3B /* Main.storyboard in Resources */ = {isa = PBXBuildFile; fileRef = 242F0BD921DF3ADE00C2CC3B /* Main.storyboard */; };
		242F0BDD21DF3AE800C2CC3B /* Assets.xcassets in Resources */ = {isa = PBXBuildFile; fileRef = 242F0BDC21DF3AE800C2CC3B /* Assets.xcassets */; };
		242F0BE021DF3AE800C2CC3B /* LaunchScreen.storyboard in Resources */ = {isa = PBXBuildFile; fileRef = 242F0BDE21DF3AE800C2CC3B /* LaunchScreen.storyboard */; };
		242F0BF921DF3BB600C2CC3B /* FMDatabaseQueue.m in Sources */ = {isa = PBXBuildFile; fileRef = 242F0BED21DF3BB500C2CC3B /* FMDatabaseQueue.m */; };
		242F0BFA21DF3BB600C2CC3B /* FMDatabasePool.m in Sources */ = {isa = PBXBuildFile; fileRef = 242F0BEF21DF3BB500C2CC3B /* FMDatabasePool.m */; };
		242F0BFB21DF3BB600C2CC3B /* FMDatabase.m in Sources */ = {isa = PBXBuildFile; fileRef = 242F0BF221DF3BB500C2CC3B /* FMDatabase.m */; };
		242F0BFC21DF3BB600C2CC3B /* FMDatabaseAdditions.m in Sources */ = {isa = PBXBuildFile; fileRef = 242F0BF421DF3BB600C2CC3B /* FMDatabaseAdditions.m */; };
		242F0BFD21DF3BB600C2CC3B /* FMResultSet.m in Sources */ = {isa = PBXBuildFile; fileRef = 242F0BF621DF3BB600C2CC3B /* FMResultSet.m */; };
		242F0C0021DF411700C2CC3B /* EmployeeTableViewCell.swift in Sources */ = {isa = PBXBuildFile; fileRef = 242F0BFE21DF411600C2CC3B /* EmployeeTableViewCell.swift */; };
		242F0C0121DF411800C2CC3B /* EmployeeTableViewCell.xib in Resources */ = {isa = PBXBuildFile; fileRef = 242F0BFF21DF411700C2CC3B /* EmployeeTableViewCell.xib */; };
		24C2585A21DF56EB001331CF /* DBManager.swift in Sources */ = {isa = PBXBuildFile; fileRef = 24C2585921DF56EA001331CF /* DBManager.swift */; };
		24C2585D21DF7481001331CF /* CommonUtils.swift in Sources */ = {isa = PBXBuildFile; fileRef = 24C2585C21DF7481001331CF /* CommonUtils.swift */; };
/* End PBXBuildFile section */

/* Begin PBXFileReference section */
		242F0BD221DF3ADE00C2CC3B /* FMDB_Example.app */ = {isa = PBXFileReference; explicitFileType = wrapper.application; includeInIndex = 0; path = FMDB_Example.app; sourceTree = BUILT_PRODUCTS_DIR; };
		242F0BD521DF3ADE00C2CC3B /* AppDelegate.swift */ = {isa = PBXFileReference; lastKnownFileType = sourcecode.swift; path = AppDelegate.swift; sourceTree = "<group>"; };
		242F0BD721DF3ADE00C2CC3B /* ViewController.swift */ = {isa = PBXFileReference; lastKnownFileType = sourcecode.swift; path = ViewController.swift; sourceTree = "<group>"; };
		242F0BDA21DF3ADE00C2CC3B /* Base */ = {isa = PBXFileReference; lastKnownFileType = file.storyboard; name = Base; path = Base.lproj/Main.storyboard; sourceTree = "<group>"; };
		242F0BDC21DF3AE800C2CC3B /* Assets.xcassets */ = {isa = PBXFileReference; lastKnownFileType = folder.assetcatalog; path = Assets.xcassets; sourceTree = "<group>"; };
		242F0BDF21DF3AE800C2CC3B /* Base */ = {isa = PBXFileReference; lastKnownFileType = file.storyboard; name = Base; path = Base.lproj/LaunchScreen.storyboard; sourceTree = "<group>"; };
		242F0BE121DF3AE800C2CC3B /* Info.plist */ = {isa = PBXFileReference; lastKnownFileType = text.plist.xml; path = Info.plist; sourceTree = "<group>"; };
		242F0BEC21DF3BB400C2CC3B /* FMDB_Example-Bridging-Header.h */ = {isa = PBXFileReference; lastKnownFileType = sourcecode.c.h; path = "FMDB_Example-Bridging-Header.h"; sourceTree = "<group>"; };
		242F0BED21DF3BB500C2CC3B /* FMDatabaseQueue.m */ = {isa = PBXFileReference; fileEncoding = 4; lastKnownFileType = sourcecode.c.objc; path = FMDatabaseQueue.m; sourceTree = "<group>"; };
		242F0BEE21DF3BB500C2CC3B /* FMDatabaseQueue.h */ = {isa = PBXFileReference; fileEncoding = 4; lastKnownFileType = sourcecode.c.h; path = FMDatabaseQueue.h; sourceTree = "<group>"; };
		242F0BEF21DF3BB500C2CC3B /* FMDatabasePool.m */ = {isa = PBXFileReference; fileEncoding = 4; lastKnownFileType = sourcecode.c.objc; path = FMDatabasePool.m; sourceTree = "<group>"; };
		242F0BF021DF3BB500C2CC3B /* FMResultSet.h */ = {isa = PBXFileReference; fileEncoding = 4; lastKnownFileType = sourcecode.c.h; path = FMResultSet.h; sourceTree = "<group>"; };
		242F0BF121DF3BB500C2CC3B /* FMDatabase.h */ = {isa = PBXFileReference; fileEncoding = 4; lastKnownFileType = sourcecode.c.h; path = FMDatabase.h; sourceTree = "<group>"; };
		242F0BF221DF3BB500C2CC3B /* FMDatabase.m */ = {isa = PBXFileReference; fileEncoding = 4; lastKnownFileType = sourcecode.c.objc; path = FMDatabase.m; sourceTree = "<group>"; };
		242F0BF421DF3BB600C2CC3B /* FMDatabaseAdditions.m */ = {isa = PBXFileReference; fileEncoding = 4; lastKnownFileType = sourcecode.c.objc; path = FMDatabaseAdditions.m; sourceTree = "<group>"; };
		242F0BF521DF3BB600C2CC3B /* FMDB.h */ = {isa = PBXFileReference; fileEncoding = 4; lastKnownFileType = sourcecode.c.h; path = FMDB.h; sourceTree = "<group>"; };
		242F0BF621DF3BB600C2CC3B /* FMResultSet.m */ = {isa = PBXFileReference; fileEncoding = 4; lastKnownFileType = sourcecode.c.objc; path = FMResultSet.m; sourceTree = "<group>"; };
		242F0BF721DF3BB600C2CC3B /* FMDatabaseAdditions.h */ = {isa = PBXFileReference; fileEncoding = 4; lastKnownFileType = sourcecode.c.h; path = FMDatabaseAdditions.h; sourceTree = "<group>"; };
		242F0BF821DF3BB600C2CC3B /* FMDatabasePool.h */ = {isa = PBXFileReference; fileEncoding = 4; lastKnownFileType = sourcecode.c.h; path = FMDatabasePool.h; sourceTree = "<group>"; };
		242F0BFE21DF411600C2CC3B /* EmployeeTableViewCell.swift */ = {isa = PBXFileReference; lastKnownFileType = sourcecode.swift; path = EmployeeTableViewCell.swift; sourceTree = "<group>"; };
		242F0BFF21DF411700C2CC3B /* EmployeeTableViewCell.xib */ = {isa = PBXFileReference; lastKnownFileType = file.xib; path = EmployeeTableViewCell.xib; sourceTree = "<group>"; };
		24C2585921DF56EA001331CF /* DBManager.swift */ = {isa = PBXFileReference; lastKnownFileType = sourcecode.swift; path = DBManager.swift; sourceTree = "<group>"; };
		24C2585C21DF7481001331CF /* CommonUtils.swift */ = {isa = PBXFileReference; lastKnownFileType = sourcecode.swift; path = CommonUtils.swift; sourceTree = "<group>"; };
/* End PBXFileReference section */

/* Begin PBXFrameworksBuildPhase section */
		242F0BCF21DF3ADE00C2CC3B /* Frameworks */ = {
			isa = PBXFrameworksBuildPhase;
			buildActionMask = 2147483647;
			files = (
			);
			runOnlyForDeploymentPostprocessing = 0;
		};
/* End PBXFrameworksBuildPhase section */

/* Begin PBXGroup section */
		242F0BC921DF3ADE00C2CC3B = {
			isa = PBXGroup;
			children = (
				242F0BD421DF3ADE00C2CC3B /* FMDB_Example */,
				242F0BD321DF3ADE00C2CC3B /* Products */,
			);
			sourceTree = "<group>";
		};
		242F0BD321DF3ADE00C2CC3B /* Products */ = {
			isa = PBXGroup;
			children = (
				242F0BD221DF3ADE00C2CC3B /* FMDB_Example.app */,
			);
			name = Products;
			sourceTree = "<group>";
		};
		242F0BD421DF3ADE00C2CC3B /* FMDB_Example */ = {
			isa = PBXGroup;
			children = (
				24C2585B21DF7462001331CF /* Helpers */,
				242F0BEB21DF3B8300C2CC3B /* Models */,
				242F0BEA21DF3B7900C2CC3B /* Views */,
				242F0BE921DF3B6900C2CC3B /* Controllers */,
				242F0BE821DF3B5000C2CC3B /* Support Files */,
				242F0BE721DF3B1B00C2CC3B /* Libraries */,
				242F0BE121DF3AE800C2CC3B /* Info.plist */,
			);
			path = FMDB_Example;
			sourceTree = "<group>";
		};
		242F0BE721DF3B1B00C2CC3B /* Libraries */ = {
			isa = PBXGroup;
			children = (
				242F0BF121DF3BB500C2CC3B /* FMDatabase.h */,
				242F0BF221DF3BB500C2CC3B /* FMDatabase.m */,
				242F0BF721DF3BB600C2CC3B /* FMDatabaseAdditions.h */,
				242F0BF421DF3BB600C2CC3B /* FMDatabaseAdditions.m */,
				242F0BF821DF3BB600C2CC3B /* FMDatabasePool.h */,
				242F0BEF21DF3BB500C2CC3B /* FMDatabasePool.m */,
				242F0BEE21DF3BB500C2CC3B /* FMDatabaseQueue.h */,
				242F0BED21DF3BB500C2CC3B /* FMDatabaseQueue.m */,
				242F0BF521DF3BB600C2CC3B /* FMDB.h */,
				242F0BF021DF3BB500C2CC3B /* FMResultSet.h */,
				242F0BF621DF3BB600C2CC3B /* FMResultSet.m */,
			);
			path = Libraries;
			sourceTree = "<group>";
		};
		242F0BE821DF3B5000C2CC3B /* Support Files */ = {
			isa = PBXGroup;
			children = (
				242F0BEC21DF3BB400C2CC3B /* FMDB_Example-Bridging-Header.h */,
				242F0BDE21DF3AE800C2CC3B /* LaunchScreen.storyboard */,
				242F0BD521DF3ADE00C2CC3B /* AppDelegate.swift */,
				242F0BDC21DF3AE800C2CC3B /* Assets.xcassets */,
				242F0BD921DF3ADE00C2CC3B /* Main.storyboard */,
			);
			path = "Support Files";
			sourceTree = "<group>";
		};
		242F0BE921DF3B6900C2CC3B /* Controllers */ = {
			isa = PBXGroup;
			children = (
				242F0BD721DF3ADE00C2CC3B /* ViewController.swift */,
			);
			path = Controllers;
			sourceTree = "<group>";
		};
		242F0BEA21DF3B7900C2CC3B /* Views */ = {
			isa = PBXGroup;
			children = (
				242F0BFE21DF411600C2CC3B /* EmployeeTableViewCell.swift */,
				242F0BFF21DF411700C2CC3B /* EmployeeTableViewCell.xib */,
			);
			path = Views;
			sourceTree = "<group>";
		};
		242F0BEB21DF3B8300C2CC3B /* Models */ = {
			isa = PBXGroup;
			children = (
				24C2585921DF56EA001331CF /* DBManager.swift */,
			);
			path = Models;
			sourceTree = "<group>";
		};
		24C2585B21DF7462001331CF /* Helpers */ = {
			isa = PBXGroup;
			children = (
				24C2585C21DF7481001331CF /* CommonUtils.swift */,
			);
			path = Helpers;
			sourceTree = "<group>";
		};
/* End PBXGroup section */

/* Begin PBXNativeTarget section */
		242F0BD121DF3ADE00C2CC3B /* FMDB_Example */ = {
			isa = PBXNativeTarget;
			buildConfigurationList = 242F0BE421DF3AE800C2CC3B /* Build configuration list for PBXNativeTarget "FMDB_Example" */;
			buildPhases = (
				242F0BCE21DF3ADE00C2CC3B /* Sources */,
				242F0BCF21DF3ADE00C2CC3B /* Frameworks */,
				242F0BD021DF3ADE00C2CC3B /* Resources */,
			);
			buildRules = (
			);
			dependencies = (
			);
			name = FMDB_Example;
			productName = FMDB_Example;
			productReference = 242F0BD221DF3ADE00C2CC3B /* FMDB_Example.app */;
			productType = "com.apple.product-type.application";
		};
/* End PBXNativeTarget section */

/* Begin PBXProject section */
		242F0BCA21DF3ADE00C2CC3B /* Project object */ = {
			isa = PBXProject;
			attributes = {
				LastSwiftUpdateCheck = 1010;
				LastUpgradeCheck = 1010;
				ORGANIZATIONNAME = "Komal Badhe";
				TargetAttributes = {
					242F0BD121DF3ADE00C2CC3B = {
						CreatedOnToolsVersion = 10.1;
						LastSwiftMigration = 1010;
					};
				};
			};
			buildConfigurationList = 242F0BCD21DF3ADE00C2CC3B /* Build configuration list for PBXProject "FMDB_Example" */;
			compatibilityVersion = "Xcode 9.3";
			developmentRegion = en;
			hasScannedForEncodings = 0;
			knownRegions = (
				en,
				Base,
			);
			mainGroup = 242F0BC921DF3ADE00C2CC3B;
			productRefGroup = 242F0BD321DF3ADE00C2CC3B /* Products */;
			projectDirPath = "";
			projectRoot = "";
			targets = (
				242F0BD121DF3ADE00C2CC3B /* FMDB_Example */,
			);
		};
/* End PBXProject section */

/* Begin PBXResourcesBuildPhase section */
		242F0BD021DF3ADE00C2CC3B /* Resources */ = {
			isa = PBXResourcesBuildPhase;
			buildActionMask = 2147483647;
			files = (
				242F0BE021DF3AE800C2CC3B /* LaunchScreen.storyboard in Resources */,
				242F0C0121DF411800C2CC3B /* EmployeeTableViewCell.xib in Resources */,
				242F0BDD21DF3AE800C2CC3B /* Assets.xcassets in Resources */,
				242F0BDB21DF3ADE00C2CC3B /* Main.storyboard in Resources */,
			);
			runOnlyForDeploymentPostprocessing = 0;
		};
/* End PBXResourcesBuildPhase section */

/* Begin PBXSourcesBuildPhase section */
		242F0BCE21DF3ADE00C2CC3B /* Sources */ = {
			isa = PBXSourcesBuildPhase;
			buildActionMask = 2147483647;
			files = (
				242F0BD821DF3ADE00C2CC3B /* ViewController.swift in Sources */,
				242F0C0021DF411700C2CC3B /* EmployeeTableViewCell.swift in Sources */,
				242F0BFA21DF3BB600C2CC3B /* FMDatabasePool.m in Sources */,
				242F0BFD21DF3BB600C2CC3B /* FMResultSet.m in Sources */,
				242F0BD621DF3ADE00C2CC3B /* AppDelegate.swift in Sources */,
				24C2585A21DF56EB001331CF /* DBManager.swift in Sources */,
				24C2585D21DF7481001331CF /* CommonUtils.swift in Sources */,
				242F0BFB21DF3BB600C2CC3B /* FMDatabase.m in Sources */,
				242F0BF921DF3BB600C2CC3B /* FMDatabaseQueue.m in Sources */,
				242F0BFC21DF3BB600C2CC3B /* FMDatabaseAdditions.m in Sources */,
			);
			runOnlyForDeploymentPostprocessing = 0;
		};
/* End PBXSourcesBuildPhase section */

/* Begin PBXVariantGroup section */
		242F0BD921DF3ADE00C2CC3B /* Main.storyboard */ = {
			isa = PBXVariantGroup;
			children = (
				242F0BDA21DF3ADE00C2CC3B /* Base */,
			);
			name = Main.storyboard;
			sourceTree = "<group>";
		};
		242F0BDE21DF3AE800C2CC3B /* LaunchScreen.storyboard */ = {
			isa = PBXVariantGroup;
			children = (
				242F0BDF21DF3AE800C2CC3B /* Base */,
			);
			name = LaunchScreen.storyboard;
			sourceTree = "<group>";
		};
/* End PBXVariantGroup section */

/* Begin XCBuildConfiguration section */
		242F0BE221DF3AE800C2CC3B /* Debug */ = {
			isa = XCBuildConfiguration;
			buildSettings = {
				ALWAYS_SEARCH_USER_PATHS = NO;
				CLANG_ANALYZER_NONNULL = YES;
				CLANG_ANALYZER_NUMBER_OBJECT_CONVERSION = YES_AGGRESSIVE;
				CLANG_CXX_LANGUAGE_STANDARD = "gnu++14";
				CLANG_CXX_LIBRARY = "libc++";
				CLANG_ENABLE_MODULES = YES;
				CLANG_ENABLE_OBJC_ARC = YES;
				CLANG_ENABLE_OBJC_WEAK = YES;
				CLANG_WARN_BLOCK_CAPTURE_AUTORELEASING = YES;
				CLANG_WARN_BOOL_CONVERSION = YES;
				CLANG_WARN_COMMA = YES;
				CLANG_WARN_CONSTANT_CONVERSION = YES;
				CLANG_WARN_DEPRECATED_OBJC_IMPLEMENTATIONS = YES;
				CLANG_WARN_DIRECT_OBJC_ISA_USAGE = YES_ERROR;
				CLANG_WARN_DOCUMENTATION_COMMENTS = YES;
				CLANG_WARN_EMPTY_BODY = YES;
				CLANG_WARN_ENUM_CONVERSION = YES;
				CLANG_WARN_INFINITE_RECURSION = YES;
				CLANG_WARN_INT_CONVERSION = YES;
				CLANG_WARN_NON_LITERAL_NULL_CONVERSION = YES;
				CLANG_WARN_OBJC_IMPLICIT_RETAIN_SELF = YES;
				CLANG_WARN_OBJC_LITERAL_CONVERSION = YES;
				CLANG_WARN_OBJC_ROOT_CLASS = YES_ERROR;
				CLANG_WARN_RANGE_LOOP_ANALYSIS = YES;
				CLANG_WARN_STRICT_PROTOTYPES = YES;
				CLANG_WARN_SUSPICIOUS_MOVE = YES;
				CLANG_WARN_UNGUARDED_AVAILABILITY = YES_AGGRESSIVE;
				CLANG_WARN_UNREACHABLE_CODE = YES;
				CLANG_WARN__DUPLICATE_METHOD_MATCH = YES;
				CODE_SIGN_IDENTITY = "iPhone Developer";
				COPY_PHASE_STRIP = NO;
				DEBUG_INFORMATION_FORMAT = dwarf;
				ENABLE_STRICT_OBJC_MSGSEND = YES;
				ENABLE_TESTABILITY = YES;
				GCC_C_LANGUAGE_STANDARD = gnu11;
				GCC_DYNAMIC_NO_PIC = NO;
				GCC_NO_COMMON_BLOCKS = YES;
				GCC_OPTIMIZATION_LEVEL = 0;
				GCC_PREPROCESSOR_DEFINITIONS = (
					"DEBUG=1",
					"$(inherited)",
				);
				GCC_WARN_64_TO_32_BIT_CONVERSION = YES;
				GCC_WARN_ABOUT_RETURN_TYPE = YES_ERROR;
				GCC_WARN_UNDECLARED_SELECTOR = YES;
				GCC_WARN_UNINITIALIZED_AUTOS = YES_AGGRESSIVE;
				GCC_WARN_UNUSED_FUNCTION = YES;
				GCC_WARN_UNUSED_VARIABLE = YES;
				IPHONEOS_DEPLOYMENT_TARGET = 12.1;
				MTL_ENABLE_DEBUG_INFO = INCLUDE_SOURCE;
				MTL_FAST_MATH = YES;
				ONLY_ACTIVE_ARCH = YES;
				SDKROOT = iphoneos;
				SWIFT_ACTIVE_COMPILATION_CONDITIONS = DEBUG;
				SWIFT_OPTIMIZATION_LEVEL = "-Onone";
			};
			name = Debug;
		};
		242F0BE321DF3AE800C2CC3B /* Release */ = {
			isa = XCBuildConfiguration;
			buildSettings = {
				ALWAYS_SEARCH_USER_PATHS = NO;
				CLANG_ANALYZER_NONNULL = YES;
				CLANG_ANALYZER_NUMBER_OBJECT_CONVERSION = YES_AGGRESSIVE;
				CLANG_CXX_LANGUAGE_STANDARD = "gnu++14";
				CLANG_CXX_LIBRARY = "libc++";
				CLANG_ENABLE_MODULES = YES;
				CLANG_ENABLE_OBJC_ARC = YES;
				CLANG_ENABLE_OBJC_WEAK = YES;
				CLANG_WARN_BLOCK_CAPTURE_AUTORELEASING = YES;
				CLANG_WARN_BOOL_CONVERSION = YES;
				CLANG_WARN_COMMA = YES;
				CLANG_WARN_CONSTANT_CONVERSION = YES;
				CLANG_WARN_DEPRECATED_OBJC_IMPLEMENTATIONS = YES;
				CLANG_WARN_DIRECT_OBJC_ISA_USAGE = YES_ERROR;
				CLANG_WARN_DOCUMENTATION_COMMENTS = YES;
				CLANG_WARN_EMPTY_BODY = YES;
				CLANG_WARN_ENUM_CONVERSION = YES;
				CLANG_WARN_INFINITE_RECURSION = YES;
				CLANG_WARN_INT_CONVERSION = YES;
				CLANG_WARN_NON_LITERAL_NULL_CONVERSION = YES;
				CLANG_WARN_OBJC_IMPLICIT_RETAIN_SELF = YES;
				CLANG_WARN_OBJC_LITERAL_CONVERSION = YES;
				CLANG_WARN_OBJC_ROOT_CLASS = YES_ERROR;
				CLANG_WARN_RANGE_LOOP_ANALYSIS = YES;
				CLANG_WARN_STRICT_PROTOTYPES = YES;
				CLANG_WARN_SUSPICIOUS_MOVE = YES;
				CLANG_WARN_UNGUARDED_AVAILABILITY = YES_AGGRESSIVE;
				CLANG_WARN_UNREACHABLE_CODE = YES;
				CLANG_WARN__DUPLICATE_METHOD_MATCH = YES;
				CODE_SIGN_IDENTITY = "iPhone Developer";
				COPY_PHASE_STRIP = NO;
				DEBUG_INFORMATION_FORMAT = "dwarf-with-dsym";
				ENABLE_NS_ASSERTIONS = NO;
				ENABLE_STRICT_OBJC_MSGSEND = YES;
				GCC_C_LANGUAGE_STANDARD = gnu11;
				GCC_NO_COMMON_BLOCKS = YES;
				GCC_WARN_64_TO_32_BIT_CONVERSION = YES;
				GCC_WARN_ABOUT_RETURN_TYPE = YES_ERROR;
				GCC_WARN_UNDECLARED_SELECTOR = YES;
				GCC_WARN_UNINITIALIZED_AUTOS = YES_AGGRESSIVE;
				GCC_WARN_UNUSED_FUNCTION = YES;
				GCC_WARN_UNUSED_VARIABLE = YES;
				IPHONEOS_DEPLOYMENT_TARGET = 12.1;
				MTL_ENABLE_DEBUG_INFO = NO;
				MTL_FAST_MATH = YES;
				SDKROOT = iphoneos;
				SWIFT_COMPILATION_MODE = wholemodule;
				SWIFT_OPTIMIZATION_LEVEL = "-O";
				VALIDATE_PRODUCT = YES;
			};
			name = Release;
		};
		242F0BE521DF3AE800C2CC3B /* Debug */ = {
			isa = XCBuildConfiguration;
			buildSettings = {
				ASSETCATALOG_COMPILER_APPICON_NAME = AppIcon;
				CLANG_ENABLE_MODULES = YES;
				CODE_SIGN_STYLE = Automatic;
				INFOPLIST_FILE = FMDB_Example/Info.plist;
				LD_RUNPATH_SEARCH_PATHS = (
					"$(inherited)",
					"@executable_path/Frameworks",
				);
				PRODUCT_BUNDLE_IDENTIFIER = "com.demo.mobile.FMDB-Example";
				PRODUCT_NAME = "$(TARGET_NAME)";
				SWIFT_OBJC_BRIDGING_HEADER = "FMDB_Example/Support Files/FMDB_Example-Bridging-Header.h";
				SWIFT_OPTIMIZATION_LEVEL = "-Onone";
				SWIFT_VERSION = 4.2;
				TARGETED_DEVICE_FAMILY = "1,2";
			};
			name = Debug;
		};
		242F0BE621DF3AE800C2CC3B /* Release */ = {
			isa = XCBuildConfiguration;
			buildSettings = {
				ASSETCATALOG_COMPILER_APPICON_NAME = AppIcon;
				CLANG_ENABLE_MODULES = YES;
				CODE_SIGN_STYLE = Automatic;
				INFOPLIST_FILE = FMDB_Example/Info.plist;
				LD_RUNPATH_SEARCH_PATHS = (
					"$(inherited)",
					"@executable_path/Frameworks",
				);
				PRODUCT_BUNDLE_IDENTIFIER = "com.demo.mobile.FMDB-Example";
				PRODUCT_NAME = "$(TARGET_NAME)";
				SWIFT_OBJC_BRIDGING_HEADER = "FMDB_Example/Support Files/FMDB_Example-Bridging-Header.h";
				SWIFT_VERSION = 4.2;
				TARGETED_DEVICE_FAMILY = "1,2";
			};
			name = Release;
		};
/* End XCBuildConfiguration section */

/* Begin XCConfigurationList section */
		242F0BCD21DF3ADE00C2CC3B /* Build configuration list for PBXProject "FMDB_Example" */ = {
			isa = XCConfigurationList;
			buildConfigurations = (
				242F0BE221DF3AE800C2CC3B /* Debug */,
				242F0BE321DF3AE800C2CC3B /* Release */,
			);
			defaultConfigurationIsVisible = 0;
			defaultConfigurationName = Release;
		};
		242F0BE421DF3AE800C2CC3B /* Build configuration list for PBXNativeTarget "FMDB_Example" */ = {
			isa = XCConfigurationList;
			buildConfigurations = (
				242F0BE521DF3AE800C2CC3B /* Debug */,
				242F0BE621DF3AE800C2CC3B /* Release */,
			);
			defaultConfigurationIsVisible = 0;
			defaultConfigurationName = Release;
		};
/* End XCConfigurationList section */
	};
	rootObject = 242F0BCA21DF3ADE00C2CC3B /* Project object */;
}
